schema: '2.0'
stages:
  preprocess:
    cmd: python src/preprocess.py
    deps:
    - path: data/raw/diabetes.csv
      hash: md5
      md5: 4b890313fe22f1f5629382ab7a06dd07
      size: 23375
    - path: src/preprocess.py
      hash: md5
      md5: bed4216a2ea96d9e031406b41547b403
      size: 635
    outs:
    - path: data/processed/test.csv
      hash: md5
      md5: 0ae68e0c1e7e08024e93e5ffcc87bfbf
      size: 4873
    - path: data/processed/train.csv
      hash: md5
      md5: 41288c9b48d586ac06a6de4eb3e16d98
      size: 19284
  train:
    cmd: python src/train.py
    deps:
    - path: data/processed/train.csv
      hash: md5
      md5: 41288c9b48d586ac06a6de4eb3e16d98
      size: 19284
    - path: src/train.py
      hash: md5
      md5: b61a16591f738ffde2106fd35c464ec4
      size: 1709
    params:
      params.yaml:
        models:
        - logistic
        - random_forest
    outs:
    - path: metrics.json
      hash: md5
      md5: 9a0379eaa11dd7b9e9995a62a5f21656
      size: 17
    - path: models/model.pkl
      hash: md5
      md5: 3110b58cf7077273b10fc8adcf99c865
      size: 1710265
  tune:
    cmd: python src/tune.py
    deps:
    - path: data/processed/train.csv
      hash: md5
      md5: 41288c9b48d586ac06a6de4eb3e16d98
      size: 19284
    - path: src/tune.py
      hash: md5
      md5: b414525b8ade2d8747fa6ad4e55e44a8
      size: 1345
